{
  "requires": true,
  "lockfileVersion": 1,
  "dependencies": {
    "app.js": {
      "version": "file:express",
      "dependencies": {
        "app.js": {
          "version": "1.0.0",
          "dependencies": {
            "app.js": {
              "version": "1.0.0",
              "dependencies": {}
            }
          }
        }
      }
    }
  }
}
